
Microsoft Visual Studio Solution File, Format Version 12.00
# Visual Studio Version 16
VisualStudioVersion = 16.0.30523.141
MinimumVisualStudioVersion = 10.0.40219.1
Project("{FAE04EC0-301F-11D3-BF4B-00C04F79EFBC}") = "capaPersistencia", "TrabajoTOO\capaPersistencia.csproj", "{7352E82E-FE56-4E3B-89E2-AEC397769E0C}"
EndProject
Project("{FAE04EC0-301F-11D3-BF4B-00C04F79EFBC}") = "modeloDominio", "modeloDominio\modeloDominio.csproj", "{E0BD98B3-4442-493D-8E47-D7096C971879}"
EndProject
Project("{FAE04EC0-301F-11D3-BF4B-00C04F79EFBC}") = "LNCliente", "LNCliente\LNCliente.csproj", "{5751D26B-F70A-4BDD-AE7E-28F95B93165D}"
EndProject
Project("{FAE04EC0-301F-11D3-BF4B-00C04F79EFBC}") = "LNVehiculo", "LNVehiculo\LNVehiculo.csproj", "{F2CC52EE-CA22-4030-A452-39F9B7AE92E7}"
EndProject
Project("{FAE04EC0-301F-11D3-BF4B-00C04F79EFBC}") = "LNPresupuesto", "LNPresupuesto\LNPresupuesto.csproj", "{093E7AEC-E4C7-4B2E-84C9-774180DF86A0}"
EndProject
Project("{FAE04EC0-301F-11D3-BF4B-00C04F79EFBC}") = "capaPresentacion", "capaPresentacion\capaPresentacion.csproj", "{798ABCBA-610F-4669-9AFA-BCA121CBAEF6}"
EndProject
Global
	GlobalSection(SolutionConfigurationPlatforms) = preSolution
		Debug|Any CPU = Debug|Any CPU
		Release|Any CPU = Release|Any CPU
	EndGlobalSection
	GlobalSection(ProjectConfigurationPlatforms) = postSolution
		{7352E82E-FE56-4E3B-89E2-AEC397769E0C}.Debug|Any CPU.ActiveCfg = Debug|Any CPU
		{7352E82E-FE56-4E3B-89E2-AEC397769E0C}.Debug|Any CPU.Build.0 = Debug|Any CPU
		{7352E82E-FE56-4E3B-89E2-AEC397769E0C}.Release|Any CPU.ActiveCfg = Release|Any CPU
		{7352E82E-FE56-4E3B-89E2-AEC397769E0C}.Release|Any CPU.Build.0 = Release|Any CPU
		{E0BD98B3-4442-493D-8E47-D7096C971879}.Debug|Any CPU.ActiveCfg = Debug|Any CPU
		{E0BD98B3-4442-493D-8E47-D7096C971879}.Debug|Any CPU.Build.0 = Debug|Any CPU
		{E0BD98B3-4442-493D-8E47-D7096C971879}.Release|Any CPU.ActiveCfg = Release|Any CPU
		{E0BD98B3-4442-493D-8E47-D7096C971879}.Release|Any CPU.Build.0 = Release|Any CPU
		{5751D26B-F70A-4BDD-AE7E-28F95B93165D}.Debug|Any CPU.ActiveCfg = Debug|Any CPU
		{5751D26B-F70A-4BDD-AE7E-28F95B93165D}.Debug|Any CPU.Build.0 = Debug|Any CPU
		{5751D26B-F70A-4BDD-AE7E-28F95B93165D}.Release|Any CPU.ActiveCfg = Release|Any CPU
		{5751D26B-F70A-4BDD-AE7E-28F95B93165D}.Release|Any CPU.Build.0 = Release|Any CPU
		{F2CC52EE-CA22-4030-A452-39F9B7AE92E7}.Debug|Any CPU.ActiveCfg = Debug|Any CPU
		{F2CC52EE-CA22-4030-A452-39F9B7AE92E7}.Debug|Any CPU.Build.0 = Debug|Any CPU
		{F2CC52EE-CA22-4030-A452-39F9B7AE92E7}.Release|Any CPU.ActiveCfg = Release|Any CPU
		{F2CC52EE-CA22-4030-A452-39F9B7AE92E7}.Release|Any CPU.Build.0 = Release|Any CPU
		{093E7AEC-E4C7-4B2E-84C9-774180DF86A0}.Debug|Any CPU.ActiveCfg = Debug|Any CPU
		{093E7AEC-E4C7-4B2E-84C9-774180DF86A0}.Debug|Any CPU.Build.0 = Debug|Any CPU
		{093E7AEC-E4C7-4B2E-84C9-774180DF86A0}.Release|Any CPU.ActiveCfg = Release|Any CPU
		{093E7AEC-E4C7-4B2E-84C9-774180DF86A0}.Release|Any CPU.Build.0 = Release|Any CPU
		{798ABCBA-610F-4669-9AFA-BCA121CBAEF6}.Debug|Any CPU.ActiveCfg = Debug|Any CPU
		{798ABCBA-610F-4669-9AFA-BCA121CBAEF6}.Debug|Any CPU.Build.0 = Debug|Any CPU
		{798ABCBA-610F-4669-9AFA-BCA121CBAEF6}.Release|Any CPU.ActiveCfg = Release|Any CPU
		{798ABCBA-610F-4669-9AFA-BCA121CBAEF6}.Release|Any CPU.Build.0 = Release|Any CPU
	EndGlobalSection
	GlobalSection(SolutionProperties) = preSolution
		HideSolutionNode = FALSE
	EndGlobalSection
	GlobalSection(ExtensibilityGlobals) = postSolution
		SolutionGuid = {8D98C1BD-583E-4A27-AD2A-568E7DAA7DDA}
	EndGlobalSection
EndGlobal
